// !$*UTF8*$!
{
	archiveVersion = 1;
	classes = {
	};
	objectVersion = 50;
	objects = {

/* Begin PBXBuildFile section */
		15E4F4EB23459672009B0B5D /* AppDelegate.swift in Sources */ = {isa = PBXBuildFile; fileRef = 15E4F4EA23459672009B0B5D /* AppDelegate.swift */; };
		15E4F4ED23459672009B0B5D /* SceneDelegate.swift in Sources */ = {isa = PBXBuildFile; fileRef = 15E4F4EC23459672009B0B5D /* SceneDelegate.swift */; };
		15E4F4EF23459672009B0B5D /* ViewController.swift in Sources */ = {isa = PBXBuildFile; fileRef = 15E4F4EE23459672009B0B5D /* ViewController.swift */; };
		15E4F4F223459672009B0B5D /* Main.storyboard in Resources */ = {isa = PBXBuildFile; fileRef = 15E4F4F023459672009B0B5D /* Main.storyboard */; };
		15E4F4F423459674009B0B5D /* Assets.xcassets in Resources */ = {isa = PBXBuildFile; fileRef = 15E4F4F323459674009B0B5D /* Assets.xcassets */; };
		15E4F4F723459674009B0B5D /* LaunchScreen.storyboard in Resources */ = {isa = PBXBuildFile; fileRef = 15E4F4F523459674009B0B5D /* LaunchScreen.storyboard */; };
/* End PBXBuildFile section */

/* Begin PBXFileReference section */
		15E4F4E723459672009B0B5D /* Training 5 MVP.app */ = {isa = PBXFileReference; explicitFileType = wrapper.application; includeInIndex = 0; path = "Training 5 MVP.app"; sourceTree = BUILT_PRODUCTS_DIR; };
		15E4F4EA23459672009B0B5D /* AppDelegate.swift */ = {isa = PBXFileReference; lastKnownFileType = sourcecode.swift; path = AppDelegate.swift; sourceTree = "<group>"; };
		15E4F4EC23459672009B0B5D /* SceneDelegate.swift */ = {isa = PBXFileReference; lastKnownFileType = sourcecode.swift; path = SceneDelegate.swift; sourceTree = "<group>"; };
		15E4F4EE23459672009B0B5D /* ViewController.swift */ = {isa = PBXFileReference; lastKnownFileType = sourcecode.swift; path = ViewController.swift; sourceTree = "<group>"; };
		15E4F4F123459672009B0B5D /* Base */ = {isa = PBXFileReference; lastKnownFileType = file.storyboard; name = Base; path = Base.lproj/Main.storyboard; sourceTree = "<group>"; };
		15E4F4F323459674009B0B5D /* Assets.xcassets */ = {isa = PBXFileReference; lastKnownFileType = folder.assetcatalog; path = Assets.xcassets; sourceTree = "<group>"; };
		15E4F4F623459674009B0B5D /* Base */ = {isa = PBXFileReference; lastKnownFileType = file.storyboard; name = Base; path = Base.lproj/LaunchScreen.storyboard; sourceTree = "<group>"; };
		15E4F4F823459674009B0B5D /* Info.plist */ = {isa = PBXFileReference; lastKnownFileType = text.plist.xml; path = Info.plist; sourceTree = "<group>"; };
/* End PBXFileReference section */

/* Begin PBXFrameworksBuildPhase section */
		15E4F4E423459672009B0B5D /* Frameworks */ = {
			isa = PBXFrameworksBuildPhase;
			buildActionMask = 2147483647;
			files = (
			);
			runOnlyForDeploymentPostprocessing = 0;
		};
/* End PBXFrameworksBuildPhase section */

/* Begin PBXGroup section */
		15E4F4DE23459672009B0B5D = {
			isa = PBXGroup;
			children = (
				15E4F4E923459672009B0B5D /* Training 5 MVP */,
				15E4F4E823459672009B0B5D /* Products */,
			);
			sourceTree = "<group>";
		};
		15E4F4E823459672009B0B5D /* Products */ = {
			isa = PBXGroup;
			children = (
				15E4F4E723459672009B0B5D /* Training 5 MVP.app */,
			);
			name = Products;
			sourceTree = "<group>";
		};
		15E4F4E923459672009B0B5D /* Training 5 MVP */ = {
			isa = PBXGroup;
			children = (
				15E4F4EA23459672009B0B5D /* AppDelegate.swift */,
				15E4F4EC23459672009B0B5D /* SceneDelegate.swift */,
				15E4F4EE23459672009B0B5D /* ViewController.swift */,
				15E4F4F023459672009B0B5D /* Main.storyboard */,
				15E4F4F323459674009B0B5D /* Assets.xcassets */,
				15E4F4F523459674009B0B5D /* LaunchScreen.storyboard */,
				15E4F4F823459674009B0B5D /* Info.plist */,
			);
			path = "Training 5 MVP";
			sourceTree = "<group>";
		};
/* End PBXGroup section */

/* Begin PBXNativeTarget section */
		15E4F4E623459672009B0B5D /* Training 5 MVP */ = {
			isa = PBXNativeTarget;
			buildConfigurationList = 15E4F4FB23459674009B0B5D /* Build configuration list for PBXNativeTarget "Training 5 MVP" */;
			buildPhases = (
				15E4F4E323459672009B0B5D /* Sources */,
				15E4F4E423459672009B0B5D /* Frameworks */,
				15E4F4E523459672009B0B5D /* Resources */,
			);
			buildRules = (
			);
			dependencies = (
			);
			name = "Training 5 MVP";
			productName = "Training 5 MVP";
			productReference = 15E4F4E723459672009B0B5D /* Training 5 MVP.app */;
			productType = "com.apple.product-type.application";
		};
/* End PBXNativeTarget section */

/* Begin PBXProject section */
		15E4F4DF23459672009B0B5D /* Project object */ = {
			isa = PBXProject;
			attributes = {
				LastSwiftUpdateCheck = 1100;
				LastUpgradeCheck = 1100;
				ORGANIZATIONNAME = yudha;
				TargetAttributes = {
					15E4F4E623459672009B0B5D = {
						CreatedOnToolsVersion = 11.0;
					};
				};
			};
			buildConfigurationList = 15E4F4E223459672009B0B5D /* Build configuration list for PBXProject "Training 5 MVP" */;
			compatibilityVersion = "Xcode 9.3";
			developmentRegion = en;
			hasScannedForEncodings = 0;
			knownRegions = (
				en,
				Base,
			);
			mainGroup = 15E4F4DE23459672009B0B5D;
			productRefGroup = 15E4F4E823459672009B0B5D /* Products */;
			projectDirPath = "";
			projectRoot = "";
			targets = (
				15E4F4E623459672009B0B5D /* Training 5 MVP */,
			);
		};
/* End PBXProject section */

/* Begin PBXResourcesBuildPhase section */
		15E4F4E523459672009B0B5D /* Resources */ = {
			isa = PBXResourcesBuildPhase;
			buildActionMask = 2147483647;
			files = (
				15E4F4F723459674009B0B5D /* LaunchScreen.storyboard in Resources */,
				15E4F4F423459674009B0B5D /* Assets.xcassets in Resources */,
				15E4F4F223459672009B0B5D /* Main.storyboard in Resources */,
			);
			runOnlyForDeploymentPostprocessing = 0;
		};
/* End PBXResourcesBuildPhase section */

/* Begin PBXSourcesBuildPhase section */
		15E4F4E323459672009B0B5D /* Sources */ = {
			isa = PBXSourcesBuildPhase;
			buildActionMask = 2147483647;
			files = (
				15E4F4EF23459672009B0B5D /* ViewController.swift in Sources */,
				15E4F4EB23459672009B0B5D /* AppDelegate.swift in Sources */,
				15E4F4ED23459672009B0B5D /* SceneDelegate.swift in Sources */,
			);
			runOnlyForDeploymentPostprocessing = 0;
		};
/* End PBXSourcesBuildPhase section */

/* Begin PBXVariantGroup section */
		15E4F4F023459672009B0B5D /* Main.storyboard */ = {
			isa = PBXVariantGroup;
			children = (
				15E4F4F123459672009B0B5D /* Base */,
			);
			name = Main.storyboard;
			sourceTree = "<group>";
		};
		15E4F4F523459674009B0B5D /* LaunchScreen.storyboard */ = {
			isa = PBXVariantGroup;
			children = (
				15E4F4F623459674009B0B5D /* Base */,
			);
			name = LaunchScreen.storyboard;
			sourceTree = "<group>";
		};
/* End PBXVariantGroup section */

/* Begin XCBuildConfiguration section */
		15E4F4F923459674009B0B5D /* Debug */ = {
			isa = XCBuildConfiguration;
			buildSettings = {
				ALWAYS_SEARCH_USER_PATHS = NO;
				CLANG_ANALYZER_NONNULL = YES;
				CLANG_ANALYZER_NUMBER_OBJECT_CONVERSION = YES_AGGRESSIVE;
				CLANG_CXX_LANGUAGE_STANDARD = "gnu++14";
				CLANG_CXX_LIBRARY = "libc++";
				CLANG_ENABLE_MODULES = YES;
				CLANG_ENABLE_OBJC_ARC = YES;
				CLANG_ENABLE_OBJC_WEAK = YES;
				CLANG_WARN_BLOCK_CAPTURE_AUTORELEASING = YES;
				CLANG_WARN_BOOL_CONVERSION = YES;
				CLANG_WARN_COMMA = YES;
				CLANG_WARN_CONSTANT_CONVERSION = YES;
				CLANG_WARN_DEPRECATED_OBJC_IMPLEMENTATIONS = YES;
				CLANG_WARN_DIRECT_OBJC_ISA_USAGE = YES_ERROR;
				CLANG_WARN_DOCUMENTATION_COMMENTS = YES;
				CLANG_WARN_EMPTY_BODY = YES;
				CLANG_WARN_ENUM_CONVERSION = YES;
				CLANG_WARN_INFINITE_RECURSION = YES;
				CLANG_WARN_INT_CONVERSION = YES;
				CLANG_WARN_NON_LITERAL_NULL_CONVERSION = YES;
				CLANG_WARN_OBJC_IMPLICIT_RETAIN_SELF = YES;
				CLANG_WARN_OBJC_LITERAL_CONVERSION = YES;
				CLANG_WARN_OBJC_ROOT_CLASS = YES_ERROR;
				CLANG_WARN_RANGE_LOOP_ANALYSIS = YES;
				CLANG_WARN_STRICT_PROTOTYPES = YES;
				CLANG_WARN_SUSPICIOUS_MOVE = YES;
				CLANG_WARN_UNGUARDED_AVAILABILITY = YES_AGGRESSIVE;
				CLANG_WARN_UNREACHABLE_CODE = YES;
				CLANG_WARN__DUPLICATE_METHOD_MATCH = YES;
				COPY_PHASE_STRIP = NO;
				DEBUG_INFORMATION_FORMAT = dwarf;
				ENABLE_STRICT_OBJC_MSGSEND = YES;
				ENABLE_TESTABILITY = YES;
				GCC_C_LANGUAGE_STANDARD = gnu11;
				GCC_DYNAMIC_NO_PIC = NO;
				GCC_NO_COMMON_BLOCKS = YES;
				GCC_OPTIMIZATION_LEVEL = 0;
				GCC_PREPROCESSOR_DEFINITIONS = (
					"DEBUG=1",
					"$(inherited)",
				);
				GCC_WARN_64_TO_32_BIT_CONVERSION = YES;
				GCC_WARN_ABOUT_RETURN_TYPE = YES_ERROR;
				GCC_WARN_UNDECLARED_SELECTOR = YES;
				GCC_WARN_UNINITIALIZED_AUTOS = YES_AGGRESSIVE;
				GCC_WARN_UNUSED_FUNCTION = YES;
				GCC_WARN_UNUSED_VARIABLE = YES;
				IPHONEOS_DEPLOYMENT_TARGET = 13.0;
				MTL_ENABLE_DEBUG_INFO = INCLUDE_SOURCE;
				MTL_FAST_MATH = YES;
				ONLY_ACTIVE_ARCH = YES;
				SDKROOT = iphoneos;
				SWIFT_ACTIVE_COMPILATION_CONDITIONS = DEBUG;
				SWIFT_OPTIMIZATION_LEVEL = "-Onone";
			};
			name = Debug;
		};
		15E4F4FA23459674009B0B5D /* Release */ = {
			isa = XCBuildConfiguration;
			buildSettings = {
				ALWAYS_SEARCH_USER_PATHS = NO;
				CLANG_ANALYZER_NONNULL = YES;
				CLANG_ANALYZER_NUMBER_OBJECT_CONVERSION = YES_AGGRESSIVE;
				CLANG_CXX_LANGUAGE_STANDARD = "gnu++14";
				CLANG_CXX_LIBRARY = "libc++";
				CLANG_ENABLE_MODULES = YES;
				CLANG_ENABLE_OBJC_ARC = YES;
				CLANG_ENABLE_OBJC_WEAK = YES;
				CLANG_WARN_BLOCK_CAPTURE_AUTORELEASING = YES;
				CLANG_WARN_BOOL_CONVERSION = YES;
				CLANG_WARN_COMMA = YES;
				CLANG_WARN_CONSTANT_CONVERSION = YES;
				CLANG_WARN_DEPRECATED_OBJC_IMPLEMENTATIONS = YES;
				CLANG_WARN_DIRECT_OBJC_ISA_USAGE = YES_ERROR;
				CLANG_WARN_DOCUMENTATION_COMMENTS = YES;
				CLANG_WARN_EMPTY_BODY = YES;
				CLANG_WARN_ENUM_CONVERSION = YES;
				CLANG_WARN_INFINITE_RECURSION = YES;
				CLANG_WARN_INT_CONVERSION = YES;
				CLANG_WARN_NON_LITERAL_NULL_CONVERSION = YES;
				CLANG_WARN_OBJC_IMPLICIT_RETAIN_SELF = YES;
				CLANG_WARN_OBJC_LITERAL_CONVERSION = YES;
				CLANG_WARN_OBJC_ROOT_CLASS = YES_ERROR;
				CLANG_WARN_RANGE_LOOP_ANALYSIS = YES;
				CLANG_WARN_STRICT_PROTOTYPES = YES;
				CLANG_WARN_SUSPICIOUS_MOVE = YES;
				CLANG_WARN_UNGUARDED_AVAILABILITY = YES_AGGRESSIVE;
				CLANG_WARN_UNREACHABLE_CODE = YES;
				CLANG_WARN__DUPLICATE_METHOD_MATCH = YES;
				COPY_PHASE_STRIP = NO;
				DEBUG_INFORMATION_FORMAT = "dwarf-with-dsym";
				ENABLE_NS_ASSERTIONS = NO;
				ENABLE_STRICT_OBJC_MSGSEND = YES;
				GCC_C_LANGUAGE_STANDARD = gnu11;
				GCC_NO_COMMON_BLOCKS = YES;
				GCC_WARN_64_TO_32_BIT_CONVERSION = YES;
				GCC_WARN_ABOUT_RETURN_TYPE = YES_ERROR;
				GCC_WARN_UNDECLARED_SELECTOR = YES;
				GCC_WARN_UNINITIALIZED_AUTOS = YES_AGGRESSIVE;
				GCC_WARN_UNUSED_FUNCTION = YES;
				GCC_WARN_UNUSED_VARIABLE = YES;
				IPHONEOS_DEPLOYMENT_TARGET = 13.0;
				MTL_ENABLE_DEBUG_INFO = NO;
				MTL_FAST_MATH = YES;
				SDKROOT = iphoneos;
				SWIFT_COMPILATION_MODE = wholemodule;
				SWIFT_OPTIMIZATION_LEVEL = "-O";
				VALIDATE_PRODUCT = YES;
			};
			name = Release;
		};
		15E4F4FC23459674009B0B5D /* Debug */ = {
			isa = XCBuildConfiguration;
			buildSettings = {
				ASSETCATALOG_COMPILER_APPICON_NAME = AppIcon;
				CODE_SIGN_STYLE = Automatic;
				DEVELOPMENT_TEAM = RGUA98U4CD;
				INFOPLIST_FILE = "Training 5 MVP/Info.plist";
				LD_RUNPATH_SEARCH_PATHS = (
					"$(inherited)",
					"@executable_path/Frameworks",
				);
				PRODUCT_BUNDLE_IDENTIFIER = "com.yudha.Training-5-MVP";
				PRODUCT_NAME = "$(TARGET_NAME)";
				SWIFT_VERSION = 5.0;
				TARGETED_DEVICE_FAMILY = "1,2";
			};
			name = Debug;
		};
		15E4F4FD23459674009B0B5D /* Release */ = {
			isa = XCBuildConfiguration;
			buildSettings = {
				ASSETCATALOG_COMPILER_APPICON_NAME = AppIcon;
				CODE_SIGN_STYLE = Automatic;
				DEVELOPMENT_TEAM = RGUA98U4CD;
				INFOPLIST_FILE = "Training 5 MVP/Info.plist";
				LD_RUNPATH_SEARCH_PATHS = (
					"$(inherited)",
					"@executable_path/Frameworks",
				);
				PRODUCT_BUNDLE_IDENTIFIER = "com.yudha.Training-5-MVP";
				PRODUCT_NAME = "$(TARGET_NAME)";
				SWIFT_VERSION = 5.0;
				TARGETED_DEVICE_FAMILY = "1,2";
			};
			name = Release;
		};
/* End XCBuildConfiguration section */

/* Begin XCConfigurationList section */
		15E4F4E223459672009B0B5D /* Build configuration list for PBXProject "Training 5 MVP" */ = {
			isa = XCConfigurationList;
			buildConfigurations = (
				15E4F4F923459674009B0B5D /* Debug */,
				15E4F4FA23459674009B0B5D /* Release */,
			);
			defaultConfigurationIsVisible = 0;
			defaultConfigurationName = Release;
		};
		15E4F4FB23459674009B0B5D /* Build configuration list for PBXNativeTarget "Training 5 MVP" */ = {
			isa = XCConfigurationList;
			buildConfigurations = (
				15E4F4FC23459674009B0B5D /* Debug */,
				15E4F4FD23459674009B0B5D /* Release */,
			);
			defaultConfigurationIsVisible = 0;
			defaultConfigurationName = Release;
		};
/* End XCConfigurationList section */
	};
	rootObject = 15E4F4DF23459672009B0B5D /* Project object */;
}
